
Microsoft Visual Studio Solution File, Format Version 12.00
# Visual Studio 15
VisualStudioVersion = 15.0.26124.0
MinimumVisualStudioVersion = 15.0.26124.0
Project("{2150E333-8FDC-42A3-9474-1A3956D46DE8}") = "Src", "Src", "{043578F8-84CC-4C3F-9D7F-C78A80940A5E}"
EndProject
Project("{FAE04EC0-301F-11D3-BF4B-00C04F79EFBC}") = "CircBuffFib", "Src\CircBuffFib\CircBuffFib.csproj", "{0566D631-647B-47A6-8E44-535FCCE2517F}"
EndProject
Project("{2150E333-8FDC-42A3-9474-1A3956D46DE8}") = "Test", "Test", "{0B78670B-DEC5-4D60-80FA-9C64A9C89F94}"
EndProject
Project("{FAE04EC0-301F-11D3-BF4B-00C04F79EFBC}") = "CircBuffFib.Tests", "Test\CircBuffFib.Tests\CircBuffFib.Tests.csproj", "{636DF10E-3BF9-404F-B4B6-9B3DF41127D7}"
EndProject
Global
	GlobalSection(SolutionConfigurationPlatforms) = preSolution
		Debug|Any CPU = Debug|Any CPU
		Debug|x64 = Debug|x64
		Debug|x86 = Debug|x86
		Release|Any CPU = Release|Any CPU
		Release|x64 = Release|x64
		Release|x86 = Release|x86
	EndGlobalSection
	GlobalSection(SolutionProperties) = preSolution
		HideSolutionNode = FALSE
	EndGlobalSection
	GlobalSection(ProjectConfigurationPlatforms) = postSolution
		{0566D631-647B-47A6-8E44-535FCCE2517F}.Debug|Any CPU.ActiveCfg = Debug|Any CPU
		{0566D631-647B-47A6-8E44-535FCCE2517F}.Debug|Any CPU.Build.0 = Debug|Any CPU
		{0566D631-647B-47A6-8E44-535FCCE2517F}.Debug|x64.ActiveCfg = Debug|Any CPU
		{0566D631-647B-47A6-8E44-535FCCE2517F}.Debug|x64.Build.0 = Debug|Any CPU
		{0566D631-647B-47A6-8E44-535FCCE2517F}.Debug|x86.ActiveCfg = Debug|Any CPU
		{0566D631-647B-47A6-8E44-535FCCE2517F}.Debug|x86.Build.0 = Debug|Any CPU
		{0566D631-647B-47A6-8E44-535FCCE2517F}.Release|Any CPU.ActiveCfg = Release|Any CPU
		{0566D631-647B-47A6-8E44-535FCCE2517F}.Release|Any CPU.Build.0 = Release|Any CPU
		{0566D631-647B-47A6-8E44-535FCCE2517F}.Release|x64.ActiveCfg = Release|Any CPU
		{0566D631-647B-47A6-8E44-535FCCE2517F}.Release|x64.Build.0 = Release|Any CPU
		{0566D631-647B-47A6-8E44-535FCCE2517F}.Release|x86.ActiveCfg = Release|Any CPU
		{0566D631-647B-47A6-8E44-535FCCE2517F}.Release|x86.Build.0 = Release|Any CPU
		{636DF10E-3BF9-404F-B4B6-9B3DF41127D7}.Debug|Any CPU.ActiveCfg = Debug|Any CPU
		{636DF10E-3BF9-404F-B4B6-9B3DF41127D7}.Debug|Any CPU.Build.0 = Debug|Any CPU
		{636DF10E-3BF9-404F-B4B6-9B3DF41127D7}.Debug|x64.ActiveCfg = Debug|Any CPU
		{636DF10E-3BF9-404F-B4B6-9B3DF41127D7}.Debug|x64.Build.0 = Debug|Any CPU
		{636DF10E-3BF9-404F-B4B6-9B3DF41127D7}.Debug|x86.ActiveCfg = Debug|Any CPU
		{636DF10E-3BF9-404F-B4B6-9B3DF41127D7}.Debug|x86.Build.0 = Debug|Any CPU
		{636DF10E-3BF9-404F-B4B6-9B3DF41127D7}.Release|Any CPU.ActiveCfg = Release|Any CPU
		{636DF10E-3BF9-404F-B4B6-9B3DF41127D7}.Release|Any CPU.Build.0 = Release|Any CPU
		{636DF10E-3BF9-404F-B4B6-9B3DF41127D7}.Release|x64.ActiveCfg = Release|Any CPU
		{636DF10E-3BF9-404F-B4B6-9B3DF41127D7}.Release|x64.Build.0 = Release|Any CPU
		{636DF10E-3BF9-404F-B4B6-9B3DF41127D7}.Release|x86.ActiveCfg = Release|Any CPU
		{636DF10E-3BF9-404F-B4B6-9B3DF41127D7}.Release|x86.Build.0 = Release|Any CPU
	EndGlobalSection
	GlobalSection(NestedProjects) = preSolution
		{0566D631-647B-47A6-8E44-535FCCE2517F} = {043578F8-84CC-4C3F-9D7F-C78A80940A5E}
		{636DF10E-3BF9-404F-B4B6-9B3DF41127D7} = {0B78670B-DEC5-4D60-80FA-9C64A9C89F94}
	EndGlobalSection
EndGlobal
